{
	"requires": true,
	"lockfileVersion": 1,
	"dependencies": {
		"doctrine": {
			"version": "0.7.2",
			"resolved": "https://registry.npmjs.org/doctrine/-/doctrine-0.7.2.tgz",
			"integrity": "sha1-fLhgNZujvpDgQLJrcpzkv6ZUxSM=",
			"requires": {
				"esutils": "1.1.6",
				"isarray": "0.0.1"
			}
		},
		"esutils": {
			"version": "1.1.6",
			"resolved": "https://registry.npmjs.org/esutils/-/esutils-1.1.6.tgz",
			"integrity": "sha1-wBzKqa5LiXxtDD4hCuUvPHqEQ3U="
		},
		"isarray": {
			"version": "0.0.1",
			"resolved": "https://registry.npmjs.org/isarray/-/isarray-0.0.1.tgz",
			"integrity": "sha1-ihis/Kmo9Bd+Cav8YDiTmwXR7t8="
		},
		"tslib": {
			"version": "1.9.0",
			"resolved": "https://registry.npmjs.org/tslib/-/tslib-1.9.0.tgz",
			"integrity": "sha512-f/qGG2tUkrISBlQZEjEqoZ3B2+npJjIf04H1wuAv9iA8i04Icp+61KRXxFdha22670NJopsZCIjhC3SnjPRKrQ=="
		},
		"tslint-config-standard": {
			"version": "7.0.0",
			"resolved": "https://registry.npmjs.org/tslint-config-standard/-/tslint-config-standard-7.0.0.tgz",
			"integrity": "sha512-QCrLt8WwiRgZpRSgRsk6cExy8/Vipa/5fHespm4Q1ly90EB6Lni04Ub8dkEW10bV3fPN3SkxEwj41ZOe/knCZA==",
			"requires": {
				"tslint-eslint-rules": "4.1.1"
			}
		},
		"tslint-eslint-rules": {
			"version": "4.1.1",
			"resolved": "https://registry.npmjs.org/tslint-eslint-rules/-/tslint-eslint-rules-4.1.1.tgz",
			"integrity": "sha1-fDDniC8mvCdr/5HSOEl1xp2viLo=",
			"requires": {
				"doctrine": "0.7.2",
				"tslib": "1.9.0",
				"tsutils": "1.9.1"
			}
		},
		"tsutils": {
			"version": "1.9.1",
			"resolved": "https://registry.npmjs.org/tsutils/-/tsutils-1.9.1.tgz",
			"integrity": "sha1-ufmrROVa+WgYMdXyjQrur1x1DLA="
		}
	}
}
